version = 1
revision = 2
requires-python = ">=3.13"

[[package]]
name = "8-static-site-generator"
version = "0.1.0"
source = { virtual = "." }
dependencies = [
    { name = "icecream" },
]

[package.metadata]
requires-dist = [{ name = "icecream", specifier = ">=2.1.4" }]

[[package]]
name = "asttokens"
version = "3.0.0"
source = { registry = "https://repo-hkg.agodadev.io/api/pypi/agoda-pypi-virtual/simple" }
sdist = { url = "https://repo-hkg.agodadev.io/api/pypi/agoda-pypi-virtual/packages/packages/4a/e7/82da0a03e7ba5141f05cce0d302e6eed121ae055e0456ca228bf693984bc/asttokens-3.0.0.tar.gz", hash = "sha256:0dcd8baa8d62b0c1d118b399b2ddba3c4aff271d0d7a9e0d4c1681c79035bbc7" }
wheels = [
    { url = "https://repo-hkg.agodadev.io/api/pypi/agoda-pypi-virtual/packages/packages/25/8a/c46dcc25341b5bce5472c718902eb3d38600a903b14fa6aeecef3f21a46f/asttokens-3.0.0-py3-none-any.whl", hash = "sha256:e3078351a059199dd5138cb1c706e6430c05eff2ff136af5eb4790f9d28932e2" },
]

[[package]]
name = "colorama"
version = "0.4.6"
source = { registry = "https://repo-hkg.agodadev.io/api/pypi/agoda-pypi-virtual/simple" }
sdist = { url = "https://repo-hkg.agodadev.io/api/pypi/agoda-pypi-virtual/packages/packages/d8/53/6f443c9a4a8358a93a6792e2acffb9d9d5cb0a5cfd8802644b7b1c9a02e4/colorama-0.4.6.tar.gz", hash = "sha256:08695f5cb7ed6e0531a20572697297273c47b8cae5a63ffc6d6ed5c201be6e44" }
wheels = [
    { url = "https://repo-hkg.agodadev.io/api/pypi/agoda-pypi-virtual/colorama/0.4.6/colorama-0.4.6-py2.py3-none-any.whl", hash = "sha256:4f1d9991f5acc0ca119f9d443620b77f9d6b33703e51011c16baf57afb285fc6" },
]

[[package]]
name = "executing"
version = "2.2.0"
source = { registry = "https://repo-hkg.agodadev.io/api/pypi/agoda-pypi-virtual/simple" }
sdist = { url = "https://repo-hkg.agodadev.io/api/pypi/agoda-pypi-virtual/packages/packages/91/50/a9d80c47ff289c611ff12e63f7c5d13942c65d68125160cefd768c73e6e4/executing-2.2.0.tar.gz", hash = "sha256:5d108c028108fe2551d1a7b2e8b713341e2cb4fc0aa7dcf966fa4327a5226755" }
wheels = [
    { url = "https://repo-hkg.agodadev.io/api/pypi/agoda-pypi-virtual/packages/packages/7b/8f/c4d9bafc34ad7ad5d8dc16dd1347ee0e507a52c3adb6bfa8887e1c6a26ba/executing-2.2.0-py2.py3-none-any.whl", hash = "sha256:11387150cad388d62750327a53d3339fad4888b39a6fe233c3afbb54ecffd3aa" },
]

[[package]]
name = "icecream"
version = "2.1.4"
source = { registry = "https://repo-hkg.agodadev.io/api/pypi/agoda-pypi-virtual/simple" }
dependencies = [
    { name = "asttokens" },
    { name = "colorama" },
    { name = "executing" },
    { name = "pygments" },
]
sdist = { url = "https://repo-hkg.agodadev.io/api/pypi/agoda-pypi-virtual/packages/packages/78/5e/9f41831f032b9ce456c919c4989952562fcc2b0eb8c038080c24ce20d6cd/icecream-2.1.4.tar.gz", hash = "sha256:58755e58397d5350a76f25976dee7b607f5febb3c6e1cddfe6b1951896e91573" }
wheels = [
    { url = "https://repo-hkg.agodadev.io/api/pypi/agoda-pypi-virtual/packages/packages/57/1d/43ef7a6875190e6745ffcd1b12c7aaa7efed082897401e311ee1cd75c8b2/icecream-2.1.4-py3-none-any.whl", hash = "sha256:7bb715f69102cae871b3a361c3b656536db02cfcadac9664c673581cac4df4fd" },
]

[[package]]
name = "pygments"
version = "2.19.1"
source = { registry = "https://repo-hkg.agodadev.io/api/pypi/agoda-pypi-virtual/simple" }
sdist = { url = "https://repo-hkg.agodadev.io/api/pypi/agoda-pypi-virtual/packages/packages/7c/2d/c3338d48ea6cc0feb8446d8e6937e1408088a72a39937982cc6111d17f84/pygments-2.19.1.tar.gz", hash = "sha256:61c16d2a8576dc0649d9f39e089b5f02bcd27fba10d8fb4dcc28173f7a45151f" }
wheels = [
    { url = "https://repo-hkg.agodadev.io/api/pypi/agoda-pypi-virtual/Pygments/2.19.1/pygments-2.19.1-py3-none-any.whl", hash = "sha256:9ea1544ad55cecf4b8242fab6dd35a93bbce657034b0611ee383099054ab6d8c" },
]
